
Microsoft Visual Studio Solution File, Format Version 12.00
# Visual Studio Version 16
VisualStudioVersion = 16.0.810.4
MinimumVisualStudioVersion = 10.0.40219.1
Project("{FAE04EC0-301F-11D3-BF4B-00C04F79EFBC}") = "RainGauge", "RainGauge\RainGauge.csproj", "{32F243C6-4FEF-4AC3-A540-D45B79B0E189}"
EndProject
Project("{2150E333-8FDC-42A3-9474-1A3956D46DE8}") = "Solution Items", "Solution Items", "{6996F802-1E4C-4DED-9943-97285F34C3B1}"
	ProjectSection(SolutionItems) = preProject
		Readme.md = Readme.md
	EndProjectSection
EndProject
Global
	GlobalSection(SolutionConfigurationPlatforms) = preSolution
		Debug|Any CPU = Debug|Any CPU
		Release|Any CPU = Release|Any CPU
	EndGlobalSection
	GlobalSection(ProjectConfigurationPlatforms) = postSolution
		{32F243C6-4FEF-4AC3-A540-D45B79B0E189}.Debug|Any CPU.ActiveCfg = Debug|Any CPU
		{32F243C6-4FEF-4AC3-A540-D45B79B0E189}.Debug|Any CPU.Build.0 = Debug|Any CPU
		{32F243C6-4FEF-4AC3-A540-D45B79B0E189}.Release|Any CPU.ActiveCfg = Release|Any CPU
		{32F243C6-4FEF-4AC3-A540-D45B79B0E189}.Release|Any CPU.Build.0 = Release|Any CPU
	EndGlobalSection
	GlobalSection(SolutionProperties) = preSolution
		HideSolutionNode = FALSE
	EndGlobalSection
	GlobalSection(ExtensibilityGlobals) = postSolution
		SolutionGuid = {D3F4C6A1-A976-45C0-B197-18800E17EA2A}
	EndGlobalSection
EndGlobal
